
Microsoft Visual Studio Solution File, Format Version 12.00
# Visual Studio 15
VisualStudioVersion = 15.0.28307.1259
MinimumVisualStudioVersion = 10.0.40219.1
Project("{8BC9CEB8-8B4A-11D0-8D11-00A0C91BC942}") = "testgit4", "testgit4\testgit4.vcxproj", "{0833B37C-84FD-43FC-8EF0-07EF213AD644}"
EndProject
Global
	GlobalSection(SolutionConfigurationPlatforms) = preSolution
		Debug|x64 = Debug|x64
		Debug|x86 = Debug|x86
		Release|x64 = Release|x64
		Release|x86 = Release|x86
	EndGlobalSection
	GlobalSection(ProjectConfigurationPlatforms) = postSolution
		{0833B37C-84FD-43FC-8EF0-07EF213AD644}.Debug|x64.ActiveCfg = Debug|x64
		{0833B37C-84FD-43FC-8EF0-07EF213AD644}.Debug|x64.Build.0 = Debug|x64
		{0833B37C-84FD-43FC-8EF0-07EF213AD644}.Debug|x86.ActiveCfg = Debug|Win32
		{0833B37C-84FD-43FC-8EF0-07EF213AD644}.Debug|x86.Build.0 = Debug|Win32
		{0833B37C-84FD-43FC-8EF0-07EF213AD644}.Release|x64.ActiveCfg = Release|x64
		{0833B37C-84FD-43FC-8EF0-07EF213AD644}.Release|x64.Build.0 = Release|x64
		{0833B37C-84FD-43FC-8EF0-07EF213AD644}.Release|x86.ActiveCfg = Release|Win32
		{0833B37C-84FD-43FC-8EF0-07EF213AD644}.Release|x86.Build.0 = Release|Win32
	EndGlobalSection
	GlobalSection(SolutionProperties) = preSolution
		HideSolutionNode = FALSE
	EndGlobalSection
	GlobalSection(ExtensibilityGlobals) = postSolution
		SolutionGuid = {4972AC49-3481-44D4-B228-3B77687E2B54}
	EndGlobalSection
EndGlobal
